
Microsoft Visual Studio Solution File, Format Version 12.00
# Visual Studio Version 17
VisualStudioVersion = 17.4.33205.214
MinimumVisualStudioVersion = 10.0.40219.1
Project("{FAE04EC0-301F-11D3-BF4B-00C04F79EFBC}") = "OperaWebSite", "OperaWebSite\OperaWebSite.csproj", "{EE109C97-88B2-4C70-96FB-4314441D2FF3}"
EndProject
Global
	GlobalSection(SolutionConfigurationPlatforms) = preSolution
		Debug|Any CPU = Debug|Any CPU
		Release|Any CPU = Release|Any CPU
	EndGlobalSection
	GlobalSection(ProjectConfigurationPlatforms) = postSolution
		{EE109C97-88B2-4C70-96FB-4314441D2FF3}.Debug|Any CPU.ActiveCfg = Debug|Any CPU
		{EE109C97-88B2-4C70-96FB-4314441D2FF3}.Debug|Any CPU.Build.0 = Debug|Any CPU
		{EE109C97-88B2-4C70-96FB-4314441D2FF3}.Release|Any CPU.ActiveCfg = Release|Any CPU
		{EE109C97-88B2-4C70-96FB-4314441D2FF3}.Release|Any CPU.Build.0 = Release|Any CPU
	EndGlobalSection
	GlobalSection(SolutionProperties) = preSolution
		HideSolutionNode = FALSE
	EndGlobalSection
	GlobalSection(ExtensibilityGlobals) = postSolution
		SolutionGuid = {B441EAA0-AAB1-4E13-8CF4-07887B38C4CF}
	EndGlobalSection
EndGlobal
